
Microsoft Visual Studio Solution File, Format Version 12.00
# Visual Studio Version 17
VisualStudioVersion = 17.4.33205.214
MinimumVisualStudioVersion = 10.0.40219.1
Project("{FAE04EC0-301F-11D3-BF4B-00C04F79EFBC}") = "Task1-API", "Task1-API\Task1-API.csproj", "{D8CF2409-320E-4B68-A50A-70683E832D46}"
EndProject
Global
	GlobalSection(SolutionConfigurationPlatforms) = preSolution
		Debug|Any CPU = Debug|Any CPU
		Release|Any CPU = Release|Any CPU
	EndGlobalSection
	GlobalSection(ProjectConfigurationPlatforms) = postSolution
		{D8CF2409-320E-4B68-A50A-70683E832D46}.Debug|Any CPU.ActiveCfg = Debug|Any CPU
		{D8CF2409-320E-4B68-A50A-70683E832D46}.Debug|Any CPU.Build.0 = Debug|Any CPU
		{D8CF2409-320E-4B68-A50A-70683E832D46}.Release|Any CPU.ActiveCfg = Release|Any CPU
		{D8CF2409-320E-4B68-A50A-70683E832D46}.Release|Any CPU.Build.0 = Release|Any CPU
	EndGlobalSection
	GlobalSection(SolutionProperties) = preSolution
		HideSolutionNode = FALSE
	EndGlobalSection
	GlobalSection(ExtensibilityGlobals) = postSolution
		SolutionGuid = {4C6B88D8-05EE-4D8A-9CE7-1EA043FBBE50}
	EndGlobalSection
EndGlobal
